
Microsoft Visual Studio Solution File, Format Version 12.00
# Visual Studio 2012
Project("{2150E333-8FDC-42A3-9474-1A3956D46DE8}") = "Document", "Document", "{861CEB5F-EAC4-4858-BAA8-AD1D88DE8DD5}"
	ProjectSection(SolutionItems) = preProject
		C:\Users\plee\Desktop\郧西在线类别关系.xlsx = C:\Users\plee\Desktop\郧西在线类别关系.xlsx
		C:\Users\plee\Desktop\页面布局方案.docx = C:\Users\plee\Desktop\页面布局方案.docx
	EndProjectSection
EndProject
Project("{2150E333-8FDC-42A3-9474-1A3956D46DE8}") = "UI", "UI", "{C3A90E9E-2DB5-42B7-B36B-A2D0F004F9C3}"
EndProject
Project("{2150E333-8FDC-42A3-9474-1A3956D46DE8}") = "BLL", "BLL", "{BD5C12AE-91BC-43FC-BEB4-F6AE0236FE8A}"
EndProject
Project("{2150E333-8FDC-42A3-9474-1A3956D46DE8}") = "DAL", "DAL", "{94875F78-F425-43A5-AE5C-6A64D844988F}"
EndProject
Project("{2150E333-8FDC-42A3-9474-1A3956D46DE8}") = "Library", "Library", "{CBCD96CE-D983-425A-8188-E4B86B902A89}"
EndProject
Project("{2150E333-8FDC-42A3-9474-1A3956D46DE8}") = "Model", "Model", "{CDA95082-4EA2-40FA-AAFC-90D2F7E80FB7}"
EndProject
Project("{FAE04EC0-301F-11D3-BF4B-00C04F79EFBC}") = "XYOL.MvcWeb", "XYOL.MvcWeb\XYOL.MvcWeb.csproj", "{A51B398B-3D9F-4C23-A9EC-C6E3F68BD6AC}"
EndProject
Project("{FAE04EC0-301F-11D3-BF4B-00C04F79EFBC}") = "XYOL.CommonModel", "XYOL.CommonModel\XYOL.CommonModel.csproj", "{6EA0CF5F-B904-47E7-8742-409E138AF891}"
EndProject
Project("{FAE04EC0-301F-11D3-BF4B-00C04F79EFBC}") = "XYOL.SqlServerInterface", "XYOL.SqlServerInterface\XYOL.SqlServerInterface.csproj", "{9BA80663-6DA3-499D-A4C4-9B5EBA8BA4C5}"
EndProject
Project("{FAE04EC0-301F-11D3-BF4B-00C04F79EFBC}") = "XYOL.SqlServerImpl", "XYOL.SqlServerImpl\XYOL.SqlServerImpl.csproj", "{04077C10-C7F7-487C-9818-3D6FA737234E}"
EndProject
Project("{FAE04EC0-301F-11D3-BF4B-00C04F79EFBC}") = "XYOL.CoreBusiness", "XYOL.CoreBusiness\XYOL.CoreBusiness.csproj", "{730F4A60-D04D-4911-9B93-EA0A787A57F9}"
EndProject
Project("{FAE04EC0-301F-11D3-BF4B-00C04F79EFBC}") = "XYOL.Backstage", "XYOL.Backstage\XYOL.Backstage.csproj", "{0EC46313-454A-4D4B-BEC6-031AD842654E}"
EndProject
Project("{2150E333-8FDC-42A3-9474-1A3956D46DE8}") = "Common", "Common", "{50AC0278-F26C-406B-83BB-A1BD2EA56FB6}"
EndProject
Project("{FAE04EC0-301F-11D3-BF4B-00C04F79EFBC}") = "XYOL.Common", "XYOL.Common\XYOL.Common.csproj", "{6CC5B373-CC8C-411C-ABBA-27EE0D36F952}"
EndProject
Global
	GlobalSection(SolutionConfigurationPlatforms) = preSolution
		Debug|Any CPU = Debug|Any CPU
		Release|Any CPU = Release|Any CPU
	EndGlobalSection
	GlobalSection(ProjectConfigurationPlatforms) = postSolution
		{A51B398B-3D9F-4C23-A9EC-C6E3F68BD6AC}.Debug|Any CPU.ActiveCfg = Debug|Any CPU
		{A51B398B-3D9F-4C23-A9EC-C6E3F68BD6AC}.Debug|Any CPU.Build.0 = Debug|Any CPU
		{A51B398B-3D9F-4C23-A9EC-C6E3F68BD6AC}.Release|Any CPU.ActiveCfg = Release|Any CPU
		{A51B398B-3D9F-4C23-A9EC-C6E3F68BD6AC}.Release|Any CPU.Build.0 = Release|Any CPU
		{6EA0CF5F-B904-47E7-8742-409E138AF891}.Debug|Any CPU.ActiveCfg = Debug|Any CPU
		{6EA0CF5F-B904-47E7-8742-409E138AF891}.Debug|Any CPU.Build.0 = Debug|Any CPU
		{6EA0CF5F-B904-47E7-8742-409E138AF891}.Release|Any CPU.ActiveCfg = Release|Any CPU
		{6EA0CF5F-B904-47E7-8742-409E138AF891}.Release|Any CPU.Build.0 = Release|Any CPU
		{9BA80663-6DA3-499D-A4C4-9B5EBA8BA4C5}.Debug|Any CPU.ActiveCfg = Debug|Any CPU
		{9BA80663-6DA3-499D-A4C4-9B5EBA8BA4C5}.Debug|Any CPU.Build.0 = Debug|Any CPU
		{9BA80663-6DA3-499D-A4C4-9B5EBA8BA4C5}.Release|Any CPU.ActiveCfg = Release|Any CPU
		{9BA80663-6DA3-499D-A4C4-9B5EBA8BA4C5}.Release|Any CPU.Build.0 = Release|Any CPU
		{04077C10-C7F7-487C-9818-3D6FA737234E}.Debug|Any CPU.ActiveCfg = Debug|Any CPU
		{04077C10-C7F7-487C-9818-3D6FA737234E}.Debug|Any CPU.Build.0 = Debug|Any CPU
		{04077C10-C7F7-487C-9818-3D6FA737234E}.Release|Any CPU.ActiveCfg = Release|Any CPU
		{04077C10-C7F7-487C-9818-3D6FA737234E}.Release|Any CPU.Build.0 = Release|Any CPU
		{730F4A60-D04D-4911-9B93-EA0A787A57F9}.Debug|Any CPU.ActiveCfg = Debug|Any CPU
		{730F4A60-D04D-4911-9B93-EA0A787A57F9}.Debug|Any CPU.Build.0 = Debug|Any CPU
		{730F4A60-D04D-4911-9B93-EA0A787A57F9}.Release|Any CPU.ActiveCfg = Release|Any CPU
		{730F4A60-D04D-4911-9B93-EA0A787A57F9}.Release|Any CPU.Build.0 = Release|Any CPU
		{0EC46313-454A-4D4B-BEC6-031AD842654E}.Debug|Any CPU.ActiveCfg = Debug|Any CPU
		{0EC46313-454A-4D4B-BEC6-031AD842654E}.Debug|Any CPU.Build.0 = Debug|Any CPU
		{0EC46313-454A-4D4B-BEC6-031AD842654E}.Release|Any CPU.ActiveCfg = Release|Any CPU
		{0EC46313-454A-4D4B-BEC6-031AD842654E}.Release|Any CPU.Build.0 = Release|Any CPU
		{6CC5B373-CC8C-411C-ABBA-27EE0D36F952}.Debug|Any CPU.ActiveCfg = Debug|Any CPU
		{6CC5B373-CC8C-411C-ABBA-27EE0D36F952}.Debug|Any CPU.Build.0 = Debug|Any CPU
		{6CC5B373-CC8C-411C-ABBA-27EE0D36F952}.Release|Any CPU.ActiveCfg = Release|Any CPU
		{6CC5B373-CC8C-411C-ABBA-27EE0D36F952}.Release|Any CPU.Build.0 = Release|Any CPU
	EndGlobalSection
	GlobalSection(SolutionProperties) = preSolution
		HideSolutionNode = FALSE
	EndGlobalSection
	GlobalSection(NestedProjects) = preSolution
		{A51B398B-3D9F-4C23-A9EC-C6E3F68BD6AC} = {C3A90E9E-2DB5-42B7-B36B-A2D0F004F9C3}
		{0EC46313-454A-4D4B-BEC6-031AD842654E} = {C3A90E9E-2DB5-42B7-B36B-A2D0F004F9C3}
		{730F4A60-D04D-4911-9B93-EA0A787A57F9} = {BD5C12AE-91BC-43FC-BEB4-F6AE0236FE8A}
		{9BA80663-6DA3-499D-A4C4-9B5EBA8BA4C5} = {94875F78-F425-43A5-AE5C-6A64D844988F}
		{04077C10-C7F7-487C-9818-3D6FA737234E} = {94875F78-F425-43A5-AE5C-6A64D844988F}
		{6EA0CF5F-B904-47E7-8742-409E138AF891} = {CDA95082-4EA2-40FA-AAFC-90D2F7E80FB7}
		{6CC5B373-CC8C-411C-ABBA-27EE0D36F952} = {50AC0278-F26C-406B-83BB-A1BD2EA56FB6}
	EndGlobalSection
EndGlobal
